proto_outdir = "./protodep"

[[dependencies]]
  target = "github.com/grpc-ecosystem/grpc-gateway"
  subgroup = ""
  revision = "094a6fe78b3ca888297d090185cdf30f0e42e157"
  branch = ""
  path = ""
  includes = ["/protoc-gen-swagger"]
  protocol = ""

[[dependencies]]
  target = "github.com/gogo/protobuf/gogoproto"
  subgroup = ""
  revision = "b03c65ea87cdc3521ede29f62fe3ce239267c1bc"
  branch = ""
  path = "gogoproto"
  protocol = ""

[[dependencies]]
  target = "github.com/googleapis/googleapis/google"
  subgroup = ""
  revision = "8a4cc94afcb9ecf3c604ebefbfab2c645e977e7d"
  branch = ""
  path = "google"
  includes = ["/api"]
  protocol = ""
