proto_outdir = "./protodep"

[[dependencies]]
  target = "github.com/grpc-ecosystem/grpc-gateway"
  subgroup = ""
  revision = "094a6fe78b3ca888297d090185cdf30f0e42e157"
  branch = ""
  path = ""
  includes = ["/protoc-gen-swagger"]
  protocol = ""

[[dependencies]]
  target = "github.com/googleapis/googleapis/google"
  subgroup = ""
  revision = "db5ce67d735d2ceb6fe925f3e317a3f30835cfd6"
  branch = ""
  path = "google"
  includes = ["/api"]
  protocol = ""
